
Microsoft Visual Studio Solution File, Format Version 12.00
# Visual Studio Version 16
VisualStudioVersion = 16.0.29613.14
MinimumVisualStudioVersion = 10.0.40219.1
Project("{FAE04EC0-301F-11D3-BF4B-00C04F79EFBC}") = "MY_APPLICATION", "MY_APPLICATION\MY_APPLICATION.csproj", "{110B8A4F-FC2F-4C39-8501-A10CD773D84E}"
EndProject
Project("{FAE04EC0-301F-11D3-BF4B-00C04F79EFBC}") = "Resources", "Resources\Resources.csproj", "{D6CE75B6-DE8D-4152-A3AF-ACEC8225FEE9}"
EndProject
Project("{FAE04EC0-301F-11D3-BF4B-00C04F79EFBC}") = "Dtx", "Dtx\Dtx.csproj", "{D5F51E37-6D5F-4F3E-BB5B-3AE2021F4096}"
EndProject
Project("{FAE04EC0-301F-11D3-BF4B-00C04F79EFBC}") = "Models", "Models\Models.csproj", "{E920B06F-7CA3-404C-9D2D-2CF0CF5F27F5}"
EndProject
Project("{FAE04EC0-301F-11D3-BF4B-00C04F79EFBC}") = "ViewModels", "ViewModels\ViewModels.csproj", "{41510B80-EFA0-4977-B09D-258DF31CD469}"
EndProject
Global
	GlobalSection(SolutionConfigurationPlatforms) = preSolution
		Debug|Any CPU = Debug|Any CPU
		Release|Any CPU = Release|Any CPU
	EndGlobalSection
	GlobalSection(ProjectConfigurationPlatforms) = postSolution
		{110B8A4F-FC2F-4C39-8501-A10CD773D84E}.Debug|Any CPU.ActiveCfg = Debug|Any CPU
		{110B8A4F-FC2F-4C39-8501-A10CD773D84E}.Debug|Any CPU.Build.0 = Debug|Any CPU
		{110B8A4F-FC2F-4C39-8501-A10CD773D84E}.Release|Any CPU.ActiveCfg = Release|Any CPU
		{110B8A4F-FC2F-4C39-8501-A10CD773D84E}.Release|Any CPU.Build.0 = Release|Any CPU
		{D6CE75B6-DE8D-4152-A3AF-ACEC8225FEE9}.Debug|Any CPU.ActiveCfg = Debug|Any CPU
		{D6CE75B6-DE8D-4152-A3AF-ACEC8225FEE9}.Debug|Any CPU.Build.0 = Debug|Any CPU
		{D6CE75B6-DE8D-4152-A3AF-ACEC8225FEE9}.Release|Any CPU.ActiveCfg = Release|Any CPU
		{D6CE75B6-DE8D-4152-A3AF-ACEC8225FEE9}.Release|Any CPU.Build.0 = Release|Any CPU
		{D5F51E37-6D5F-4F3E-BB5B-3AE2021F4096}.Debug|Any CPU.ActiveCfg = Debug|Any CPU
		{D5F51E37-6D5F-4F3E-BB5B-3AE2021F4096}.Debug|Any CPU.Build.0 = Debug|Any CPU
		{D5F51E37-6D5F-4F3E-BB5B-3AE2021F4096}.Release|Any CPU.ActiveCfg = Release|Any CPU
		{D5F51E37-6D5F-4F3E-BB5B-3AE2021F4096}.Release|Any CPU.Build.0 = Release|Any CPU
		{E920B06F-7CA3-404C-9D2D-2CF0CF5F27F5}.Debug|Any CPU.ActiveCfg = Debug|Any CPU
		{E920B06F-7CA3-404C-9D2D-2CF0CF5F27F5}.Debug|Any CPU.Build.0 = Debug|Any CPU
		{E920B06F-7CA3-404C-9D2D-2CF0CF5F27F5}.Release|Any CPU.ActiveCfg = Release|Any CPU
		{E920B06F-7CA3-404C-9D2D-2CF0CF5F27F5}.Release|Any CPU.Build.0 = Release|Any CPU
		{41510B80-EFA0-4977-B09D-258DF31CD469}.Debug|Any CPU.ActiveCfg = Debug|Any CPU
		{41510B80-EFA0-4977-B09D-258DF31CD469}.Debug|Any CPU.Build.0 = Debug|Any CPU
		{41510B80-EFA0-4977-B09D-258DF31CD469}.Release|Any CPU.ActiveCfg = Release|Any CPU
		{41510B80-EFA0-4977-B09D-258DF31CD469}.Release|Any CPU.Build.0 = Release|Any CPU
	EndGlobalSection
	GlobalSection(SolutionProperties) = preSolution
		HideSolutionNode = FALSE
	EndGlobalSection
	GlobalSection(ExtensibilityGlobals) = postSolution
		SolutionGuid = {32528D02-E43E-471F-8132-289A55431D2E}
	EndGlobalSection
EndGlobal
